// !$*UTF8*$!
{
	archiveVersion = 1;
	classes = {
	};
	objectVersion = 51;
	objects = {

/* Begin PBXBuildFile section */
		5827971053CDF30029E31EAA /* Pods_InstaUITests.framework in Frameworks */ = {isa = PBXBuildFile; fileRef = 2DC09D4298D3BC617DE48E5A /* Pods_InstaUITests.framework */; };
		851A10242331E3E500DB20CB /* Start.storyboard in Resources */ = {isa = PBXBuildFile; fileRef = 851A10232331E3E500DB20CB /* Start.storyboard */; };
		851A10262331E7F200DB20CB /* SignInViewController.swift in Sources */ = {isa = PBXBuildFile; fileRef = 851A10252331E7F200DB20CB /* SignInViewController.swift */; };
		851A10282331ED7B00DB20CB /* SignUpViewController.swift in Sources */ = {isa = PBXBuildFile; fileRef = 851A10272331ED7B00DB20CB /* SignUpViewController.swift */; };
		851A102A2332095D00DB20CB /* HomeViewController.swift in Sources */ = {isa = PBXBuildFile; fileRef = 851A10292332095D00DB20CB /* HomeViewController.swift */; };
		851A102C2332096A00DB20CB /* DiscoverViewController.swift in Sources */ = {isa = PBXBuildFile; fileRef = 851A102B2332096A00DB20CB /* DiscoverViewController.swift */; };
		851A102E2332097F00DB20CB /* CameraViewController.swift in Sources */ = {isa = PBXBuildFile; fileRef = 851A102D2332097F00DB20CB /* CameraViewController.swift */; };
		851A10302332099100DB20CB /* ActivityViewController.swift in Sources */ = {isa = PBXBuildFile; fileRef = 851A102F2332099100DB20CB /* ActivityViewController.swift */; };
		851A1032233209A700DB20CB /* ProfileViewController.swift in Sources */ = {isa = PBXBuildFile; fileRef = 851A1031233209A700DB20CB /* ProfileViewController.swift */; };
		851A10342332AFEB00DB20CB /* Main.storyboard in Resources */ = {isa = PBXBuildFile; fileRef = 851A10332332AFEB00DB20CB /* Main.storyboard */; };
		851A10362332E85D00DB20CB /* Home.storyboard in Resources */ = {isa = PBXBuildFile; fileRef = 851A10352332E85D00DB20CB /* Home.storyboard */; };
		851A10382332E8D300DB20CB /* Discover.storyboard in Resources */ = {isa = PBXBuildFile; fileRef = 851A10372332E8D300DB20CB /* Discover.storyboard */; };
		851A103A2332E91400DB20CB /* Camera.storyboard in Resources */ = {isa = PBXBuildFile; fileRef = 851A10392332E91400DB20CB /* Camera.storyboard */; };
		851A103C2332E94800DB20CB /* Activity.storyboard in Resources */ = {isa = PBXBuildFile; fileRef = 851A103B2332E94800DB20CB /* Activity.storyboard */; };
		851A103E2332E97D00DB20CB /* Profile.storyboard in Resources */ = {isa = PBXBuildFile; fileRef = 851A103D2332E97D00DB20CB /* Profile.storyboard */; };
		851A10422333193200DB20CB /* GoogleService-Info.plist in Resources */ = {isa = PBXBuildFile; fileRef = 851A10412333193200DB20CB /* GoogleService-Info.plist */; };
		851FC9362331D9B6009ADC13 /* AppDelegate.swift in Sources */ = {isa = PBXBuildFile; fileRef = 851FC9352331D9B6009ADC13 /* AppDelegate.swift */; };
		851FC93D2331D9B8009ADC13 /* Assets.xcassets in Resources */ = {isa = PBXBuildFile; fileRef = 851FC93C2331D9B8009ADC13 /* Assets.xcassets */; };
		851FC9402331D9B8009ADC13 /* LaunchScreen.storyboard in Resources */ = {isa = PBXBuildFile; fileRef = 851FC93E2331D9B8009ADC13 /* LaunchScreen.storyboard */; };
		851FC94B2331D9B8009ADC13 /* InstaTests.swift in Sources */ = {isa = PBXBuildFile; fileRef = 851FC94A2331D9B8009ADC13 /* InstaTests.swift */; };
		851FC9562331D9B8009ADC13 /* InstaUITests.swift in Sources */ = {isa = PBXBuildFile; fileRef = 851FC9552331D9B8009ADC13 /* InstaUITests.swift */; };
		CFEAA33E05F0688F2B09029F /* Pods_Insta.framework in Frameworks */ = {isa = PBXBuildFile; fileRef = 2C439D027CAA046BF2DF2B56 /* Pods_Insta.framework */; };
		DB0C75D830244C94CC45DE5A /* Pods_InstaTests.framework in Frameworks */ = {isa = PBXBuildFile; fileRef = 71850CCA3B7E01584829ED17 /* Pods_InstaTests.framework */; };
/* End PBXBuildFile section */

/* Begin PBXContainerItemProxy section */
		851FC9472331D9B8009ADC13 /* PBXContainerItemProxy */ = {
			isa = PBXContainerItemProxy;
			containerPortal = 851FC92A2331D9B6009ADC13 /* Project object */;
			proxyType = 1;
			remoteGlobalIDString = 851FC9312331D9B6009ADC13;
			remoteInfo = Insta;
		};
		851FC9522331D9B8009ADC13 /* PBXContainerItemProxy */ = {
			isa = PBXContainerItemProxy;
			containerPortal = 851FC92A2331D9B6009ADC13 /* Project object */;
			proxyType = 1;
			remoteGlobalIDString = 851FC9312331D9B6009ADC13;
			remoteInfo = Insta;
		};
/* End PBXContainerItemProxy section */

/* Begin PBXFileReference section */
		2C439D027CAA046BF2DF2B56 /* Pods_Insta.framework */ = {isa = PBXFileReference; explicitFileType = wrapper.framework; includeInIndex = 0; path = Pods_Insta.framework; sourceTree = BUILT_PRODUCTS_DIR; };
		2DC09D4298D3BC617DE48E5A /* Pods_InstaUITests.framework */ = {isa = PBXFileReference; explicitFileType = wrapper.framework; includeInIndex = 0; path = Pods_InstaUITests.framework; sourceTree = BUILT_PRODUCTS_DIR; };
		3B3A718ECE010E38DC1D556A /* Pods-Insta.debug.xcconfig */ = {isa = PBXFileReference; includeInIndex = 1; lastKnownFileType = text.xcconfig; name = "Pods-Insta.debug.xcconfig"; path = "Target Support Files/Pods-Insta/Pods-Insta.debug.xcconfig"; sourceTree = "<group>"; };
		4758CF279ECEB52A927A3D4D /* Pods-InstaUITests.release.xcconfig */ = {isa = PBXFileReference; includeInIndex = 1; lastKnownFileType = text.xcconfig; name = "Pods-InstaUITests.release.xcconfig"; path = "Target Support Files/Pods-InstaUITests/Pods-InstaUITests.release.xcconfig"; sourceTree = "<group>"; };
		71850CCA3B7E01584829ED17 /* Pods_InstaTests.framework */ = {isa = PBXFileReference; explicitFileType = wrapper.framework; includeInIndex = 0; path = Pods_InstaTests.framework; sourceTree = BUILT_PRODUCTS_DIR; };
		83F51C0B7153B43C473CDBB9 /* Pods-InstaTests.release.xcconfig */ = {isa = PBXFileReference; includeInIndex = 1; lastKnownFileType = text.xcconfig; name = "Pods-InstaTests.release.xcconfig"; path = "Target Support Files/Pods-InstaTests/Pods-InstaTests.release.xcconfig"; sourceTree = "<group>"; };
		851A10232331E3E500DB20CB /* Start.storyboard */ = {isa = PBXFileReference; lastKnownFileType = file.storyboard; path = Start.storyboard; sourceTree = "<group>"; };
		851A10252331E7F200DB20CB /* SignInViewController.swift */ = {isa = PBXFileReference; lastKnownFileType = sourcecode.swift; path = SignInViewController.swift; sourceTree = "<group>"; };
		851A10272331ED7B00DB20CB /* SignUpViewController.swift */ = {isa = PBXFileReference; lastKnownFileType = sourcecode.swift; path = SignUpViewController.swift; sourceTree = "<group>"; };
		851A10292332095D00DB20CB /* HomeViewController.swift */ = {isa = PBXFileReference; lastKnownFileType = sourcecode.swift; path = HomeViewController.swift; sourceTree = "<group>"; };
		851A102B2332096A00DB20CB /* DiscoverViewController.swift */ = {isa = PBXFileReference; lastKnownFileType = sourcecode.swift; path = DiscoverViewController.swift; sourceTree = "<group>"; };
		851A102D2332097F00DB20CB /* CameraViewController.swift */ = {isa = PBXFileReference; lastKnownFileType = sourcecode.swift; path = CameraViewController.swift; sourceTree = "<group>"; };
		851A102F2332099100DB20CB /* ActivityViewController.swift */ = {isa = PBXFileReference; lastKnownFileType = sourcecode.swift; path = ActivityViewController.swift; sourceTree = "<group>"; };
		851A1031233209A700DB20CB /* ProfileViewController.swift */ = {isa = PBXFileReference; lastKnownFileType = sourcecode.swift; path = ProfileViewController.swift; sourceTree = "<group>"; };
		851A10332332AFEB00DB20CB /* Main.storyboard */ = {isa = PBXFileReference; fileEncoding = 4; lastKnownFileType = file.storyboard; path = Main.storyboard; sourceTree = "<group>"; };
		851A10352332E85D00DB20CB /* Home.storyboard */ = {isa = PBXFileReference; fileEncoding = 4; lastKnownFileType = file.storyboard; path = Home.storyboard; sourceTree = "<group>"; };
		851A10372332E8D300DB20CB /* Discover.storyboard */ = {isa = PBXFileReference; fileEncoding = 4; lastKnownFileType = file.storyboard; path = Discover.storyboard; sourceTree = "<group>"; };
		851A10392332E91400DB20CB /* Camera.storyboard */ = {isa = PBXFileReference; fileEncoding = 4; lastKnownFileType = file.storyboard; path = Camera.storyboard; sourceTree = "<group>"; };
		851A103B2332E94800DB20CB /* Activity.storyboard */ = {isa = PBXFileReference; fileEncoding = 4; lastKnownFileType = file.storyboard; path = Activity.storyboard; sourceTree = "<group>"; };
		851A103D2332E97D00DB20CB /* Profile.storyboard */ = {isa = PBXFileReference; fileEncoding = 4; lastKnownFileType = file.storyboard; path = Profile.storyboard; sourceTree = "<group>"; };
		851A10412333193200DB20CB /* GoogleService-Info.plist */ = {isa = PBXFileReference; fileEncoding = 4; lastKnownFileType = text.plist.xml; path = "GoogleService-Info.plist"; sourceTree = "<group>"; };
		851FC9322331D9B6009ADC13 /* Insta.app */ = {isa = PBXFileReference; explicitFileType = wrapper.application; includeInIndex = 0; path = Insta.app; sourceTree = BUILT_PRODUCTS_DIR; };
		851FC9352331D9B6009ADC13 /* AppDelegate.swift */ = {isa = PBXFileReference; lastKnownFileType = sourcecode.swift; path = AppDelegate.swift; sourceTree = "<group>"; };
		851FC93C2331D9B8009ADC13 /* Assets.xcassets */ = {isa = PBXFileReference; lastKnownFileType = folder.assetcatalog; path = Assets.xcassets; sourceTree = "<group>"; };
		851FC93F2331D9B8009ADC13 /* Base */ = {isa = PBXFileReference; lastKnownFileType = file.storyboard; name = Base; path = Base.lproj/LaunchScreen.storyboard; sourceTree = "<group>"; };
		851FC9412331D9B8009ADC13 /* Info.plist */ = {isa = PBXFileReference; lastKnownFileType = text.plist.xml; path = Info.plist; sourceTree = "<group>"; };
		851FC9462331D9B8009ADC13 /* InstaTests.xctest */ = {isa = PBXFileReference; explicitFileType = wrapper.cfbundle; includeInIndex = 0; path = InstaTests.xctest; sourceTree = BUILT_PRODUCTS_DIR; };
		851FC94A2331D9B8009ADC13 /* InstaTests.swift */ = {isa = PBXFileReference; lastKnownFileType = sourcecode.swift; path = InstaTests.swift; sourceTree = "<group>"; };
		851FC94C2331D9B8009ADC13 /* Info.plist */ = {isa = PBXFileReference; lastKnownFileType = text.plist.xml; path = Info.plist; sourceTree = "<group>"; };
		851FC9512331D9B8009ADC13 /* InstaUITests.xctest */ = {isa = PBXFileReference; explicitFileType = wrapper.cfbundle; includeInIndex = 0; path = InstaUITests.xctest; sourceTree = BUILT_PRODUCTS_DIR; };
		851FC9552331D9B8009ADC13 /* InstaUITests.swift */ = {isa = PBXFileReference; lastKnownFileType = sourcecode.swift; path = InstaUITests.swift; sourceTree = "<group>"; };
		851FC9572331D9B8009ADC13 /* Info.plist */ = {isa = PBXFileReference; lastKnownFileType = text.plist.xml; path = Info.plist; sourceTree = "<group>"; };
		BAE5A59040942CE91C1ACCD7 /* Pods-Insta.release.xcconfig */ = {isa = PBXFileReference; includeInIndex = 1; lastKnownFileType = text.xcconfig; name = "Pods-Insta.release.xcconfig"; path = "Target Support Files/Pods-Insta/Pods-Insta.release.xcconfig"; sourceTree = "<group>"; };
		CFCCC9C392857514058B0AFD /* Pods-InstaTests.debug.xcconfig */ = {isa = PBXFileReference; includeInIndex = 1; lastKnownFileType = text.xcconfig; name = "Pods-InstaTests.debug.xcconfig"; path = "Target Support Files/Pods-InstaTests/Pods-InstaTests.debug.xcconfig"; sourceTree = "<group>"; };
		D7B4181E4DB00326CB72CE8B /* Pods-InstaUITests.debug.xcconfig */ = {isa = PBXFileReference; includeInIndex = 1; lastKnownFileType = text.xcconfig; name = "Pods-InstaUITests.debug.xcconfig"; path = "Target Support Files/Pods-InstaUITests/Pods-InstaUITests.debug.xcconfig"; sourceTree = "<group>"; };
/* End PBXFileReference section */

/* Begin PBXFrameworksBuildPhase section */
		851FC92F2331D9B6009ADC13 /* Frameworks */ = {
			isa = PBXFrameworksBuildPhase;
			buildActionMask = 2147483647;
			files = (
				CFEAA33E05F0688F2B09029F /* Pods_Insta.framework in Frameworks */,
			);
			runOnlyForDeploymentPostprocessing = 0;
		};
		851FC9432331D9B8009ADC13 /* Frameworks */ = {
			isa = PBXFrameworksBuildPhase;
			buildActionMask = 2147483647;
			files = (
				DB0C75D830244C94CC45DE5A /* Pods_InstaTests.framework in Frameworks */,
			);
			runOnlyForDeploymentPostprocessing = 0;
		};
		851FC94E2331D9B8009ADC13 /* Frameworks */ = {
			isa = PBXFrameworksBuildPhase;
			buildActionMask = 2147483647;
			files = (
				5827971053CDF30029E31EAA /* Pods_InstaUITests.framework in Frameworks */,
			);
			runOnlyForDeploymentPostprocessing = 0;
		};
/* End PBXFrameworksBuildPhase section */

/* Begin PBXGroup section */
		0D2B0687207D92258633DE80 /* Pods */ = {
			isa = PBXGroup;
			children = (
				3B3A718ECE010E38DC1D556A /* Pods-Insta.debug.xcconfig */,
				BAE5A59040942CE91C1ACCD7 /* Pods-Insta.release.xcconfig */,
				CFCCC9C392857514058B0AFD /* Pods-InstaTests.debug.xcconfig */,
				83F51C0B7153B43C473CDBB9 /* Pods-InstaTests.release.xcconfig */,
				D7B4181E4DB00326CB72CE8B /* Pods-InstaUITests.debug.xcconfig */,
				4758CF279ECEB52A927A3D4D /* Pods-InstaUITests.release.xcconfig */,
			);
			path = Pods;
			sourceTree = "<group>";
		};
		851A103F2333160E00DB20CB /* Storyboards */ = {
			isa = PBXGroup;
			children = (
				851A10232331E3E500DB20CB /* Start.storyboard */,
				851A10332332AFEB00DB20CB /* Main.storyboard */,
				851A103D2332E97D00DB20CB /* Profile.storyboard */,
				851A103B2332E94800DB20CB /* Activity.storyboard */,
				851A10392332E91400DB20CB /* Camera.storyboard */,
				851A10372332E8D300DB20CB /* Discover.storyboard */,
				851A10352332E85D00DB20CB /* Home.storyboard */,
			);
			path = Storyboards;
			sourceTree = "<group>";
		};
		851A10402333164A00DB20CB /* Controller */ = {
			isa = PBXGroup;
			children = (
				851A10272331ED7B00DB20CB /* SignUpViewController.swift */,
				851A10252331E7F200DB20CB /* SignInViewController.swift */,
				851A10292332095D00DB20CB /* HomeViewController.swift */,
				851A102B2332096A00DB20CB /* DiscoverViewController.swift */,
				851A102D2332097F00DB20CB /* CameraViewController.swift */,
				851A102F2332099100DB20CB /* ActivityViewController.swift */,
				851A1031233209A700DB20CB /* ProfileViewController.swift */,
			);
			path = Controller;
			sourceTree = "<group>";
		};
		851FC9292331D9B6009ADC13 = {
			isa = PBXGroup;
			children = (
				851FC9342331D9B6009ADC13 /* Insta */,
				851FC9492331D9B8009ADC13 /* InstaTests */,
				851FC9542331D9B8009ADC13 /* InstaUITests */,
				851FC9332331D9B6009ADC13 /* Products */,
				0D2B0687207D92258633DE80 /* Pods */,
				F847CEF338115C965AD08F9A /* Frameworks */,
			);
			sourceTree = "<group>";
		};
		851FC9332331D9B6009ADC13 /* Products */ = {
			isa = PBXGroup;
			children = (
				851FC9322331D9B6009ADC13 /* Insta.app */,
				851FC9462331D9B8009ADC13 /* InstaTests.xctest */,
				851FC9512331D9B8009ADC13 /* InstaUITests.xctest */,
			);
			name = Products;
			sourceTree = "<group>";
		};
		851FC9342331D9B6009ADC13 /* Insta */ = {
			isa = PBXGroup;
			children = (
				851A10412333193200DB20CB /* GoogleService-Info.plist */,
				851FC9352331D9B6009ADC13 /* AppDelegate.swift */,
				851A10402333164A00DB20CB /* Controller */,
				851FC93C2331D9B8009ADC13 /* Assets.xcassets */,
				851FC93E2331D9B8009ADC13 /* LaunchScreen.storyboard */,
				851FC9412331D9B8009ADC13 /* Info.plist */,
				851A103F2333160E00DB20CB /* Storyboards */,
			);
			path = Insta;
			sourceTree = "<group>";
		};
		851FC9492331D9B8009ADC13 /* InstaTests */ = {
			isa = PBXGroup;
			children = (
				851FC94A2331D9B8009ADC13 /* InstaTests.swift */,
				851FC94C2331D9B8009ADC13 /* Info.plist */,
			);
			path = InstaTests;
			sourceTree = "<group>";
		};
		851FC9542331D9B8009ADC13 /* InstaUITests */ = {
			isa = PBXGroup;
			children = (
				851FC9552331D9B8009ADC13 /* InstaUITests.swift */,
				851FC9572331D9B8009ADC13 /* Info.plist */,
			);
			path = InstaUITests;
			sourceTree = "<group>";
		};
		F847CEF338115C965AD08F9A /* Frameworks */ = {
			isa = PBXGroup;
			children = (
				2C439D027CAA046BF2DF2B56 /* Pods_Insta.framework */,
				71850CCA3B7E01584829ED17 /* Pods_InstaTests.framework */,
				2DC09D4298D3BC617DE48E5A /* Pods_InstaUITests.framework */,
			);
			name = Frameworks;
			sourceTree = "<group>";
		};
/* End PBXGroup section */

/* Begin PBXNativeTarget section */
		851FC9312331D9B6009ADC13 /* Insta */ = {
			isa = PBXNativeTarget;
			buildConfigurationList = 851FC95A2331D9B8009ADC13 /* Build configuration list for PBXNativeTarget "Insta" */;
			buildPhases = (
				B4273AC8054B98D0E270B692 /* [CP] Check Pods Manifest.lock */,
				851FC92E2331D9B6009ADC13 /* Sources */,
				851FC92F2331D9B6009ADC13 /* Frameworks */,
				851FC9302331D9B6009ADC13 /* Resources */,
				A067A6227082AAF5D7D8098F /* [CP] Embed Pods Frameworks */,
			);
			buildRules = (
			);
			dependencies = (
			);
			name = Insta;
			productName = Insta;
			productReference = 851FC9322331D9B6009ADC13 /* Insta.app */;
			productType = "com.apple.product-type.application";
		};
		851FC9452331D9B8009ADC13 /* InstaTests */ = {
			isa = PBXNativeTarget;
			buildConfigurationList = 851FC95D2331D9B8009ADC13 /* Build configuration list for PBXNativeTarget "InstaTests" */;
			buildPhases = (
				A16A3442E179AA6E807C6316 /* [CP] Check Pods Manifest.lock */,
				851FC9422331D9B8009ADC13 /* Sources */,
				851FC9432331D9B8009ADC13 /* Frameworks */,
				851FC9442331D9B8009ADC13 /* Resources */,
			);
			buildRules = (
			);
			dependencies = (
				851FC9482331D9B8009ADC13 /* PBXTargetDependency */,
			);
			name = InstaTests;
			productName = InstaTests;
			productReference = 851FC9462331D9B8009ADC13 /* InstaTests.xctest */;
			productType = "com.apple.product-type.bundle.unit-test";
		};
		851FC9502331D9B8009ADC13 /* InstaUITests */ = {
			isa = PBXNativeTarget;
			buildConfigurationList = 851FC9602331D9B8009ADC13 /* Build configuration list for PBXNativeTarget "InstaUITests" */;
			buildPhases = (
				B7F8E4BD2C3962E85B07BC33 /* [CP] Check Pods Manifest.lock */,
				851FC94D2331D9B8009ADC13 /* Sources */,
				851FC94E2331D9B8009ADC13 /* Frameworks */,
				851FC94F2331D9B8009ADC13 /* Resources */,
			);
			buildRules = (
			);
			dependencies = (
				851FC9532331D9B8009ADC13 /* PBXTargetDependency */,
			);
			name = InstaUITests;
			productName = InstaUITests;
			productReference = 851FC9512331D9B8009ADC13 /* InstaUITests.xctest */;
			productType = "com.apple.product-type.bundle.ui-testing";
		};
/* End PBXNativeTarget section */

/* Begin PBXProject section */
		851FC92A2331D9B6009ADC13 /* Project object */ = {
			isa = PBXProject;
			attributes = {
				LastSwiftUpdateCheck = 1030;
				LastUpgradeCheck = 1030;
				ORGANIZATIONNAME = "Apple User";
				TargetAttributes = {
					851FC9312331D9B6009ADC13 = {
						CreatedOnToolsVersion = 10.3;
					};
					851FC9452331D9B8009ADC13 = {
						CreatedOnToolsVersion = 10.3;
						TestTargetID = 851FC9312331D9B6009ADC13;
					};
					851FC9502331D9B8009ADC13 = {
						CreatedOnToolsVersion = 10.3;
						TestTargetID = 851FC9312331D9B6009ADC13;
					};
				};
			};
			buildConfigurationList = 851FC92D2331D9B6009ADC13 /* Build configuration list for PBXProject "Insta" */;
			compatibilityVersion = "Xcode 9.3";
			developmentRegion = en;
			hasScannedForEncodings = 0;
			knownRegions = (
				en,
				Base,
			);
			mainGroup = 851FC9292331D9B6009ADC13;
			productRefGroup = 851FC9332331D9B6009ADC13 /* Products */;
			projectDirPath = "";
			projectRoot = "";
			targets = (
				851FC9312331D9B6009ADC13 /* Insta */,
				851FC9452331D9B8009ADC13 /* InstaTests */,
				851FC9502331D9B8009ADC13 /* InstaUITests */,
			);
		};
/* End PBXProject section */

/* Begin PBXResourcesBuildPhase section */
		851FC9302331D9B6009ADC13 /* Resources */ = {
			isa = PBXResourcesBuildPhase;
			buildActionMask = 2147483647;
			files = (
				851FC9402331D9B8009ADC13 /* LaunchScreen.storyboard in Resources */,
				851A103A2332E91400DB20CB /* Camera.storyboard in Resources */,
				851A10362332E85D00DB20CB /* Home.storyboard in Resources */,
				851FC93D2331D9B8009ADC13 /* Assets.xcassets in Resources */,
				851A10242331E3E500DB20CB /* Start.storyboard in Resources */,
				851A10342332AFEB00DB20CB /* Main.storyboard in Resources */,
				851A103E2332E97D00DB20CB /* Profile.storyboard in Resources */,
				851A10422333193200DB20CB /* GoogleService-Info.plist in Resources */,
				851A10382332E8D300DB20CB /* Discover.storyboard in Resources */,
				851A103C2332E94800DB20CB /* Activity.storyboard in Resources */,
			);
			runOnlyForDeploymentPostprocessing = 0;
		};
		851FC9442331D9B8009ADC13 /* Resources */ = {
			isa = PBXResourcesBuildPhase;
			buildActionMask = 2147483647;
			files = (
			);
			runOnlyForDeploymentPostprocessing = 0;
		};
		851FC94F2331D9B8009ADC13 /* Resources */ = {
			isa = PBXResourcesBuildPhase;
			buildActionMask = 2147483647;
			files = (
			);
			runOnlyForDeploymentPostprocessing = 0;
		};
/* End PBXResourcesBuildPhase section */

/* Begin PBXShellScriptBuildPhase section */
		A067A6227082AAF5D7D8098F /* [CP] Embed Pods Frameworks */ = {
			isa = PBXShellScriptBuildPhase;
			buildActionMask = 2147483647;
			files = (
			);
			inputFileListPaths = (
				"${PODS_ROOT}/Target Support Files/Pods-Insta/Pods-Insta-frameworks-${CONFIGURATION}-input-files.xcfilelist",
			);
			name = "[CP] Embed Pods Frameworks";
			outputFileListPaths = (
				"${PODS_ROOT}/Target Support Files/Pods-Insta/Pods-Insta-frameworks-${CONFIGURATION}-output-files.xcfilelist",
			);
			runOnlyForDeploymentPostprocessing = 0;
			shellPath = /bin/sh;
			shellScript = "\"${PODS_ROOT}/Target Support Files/Pods-Insta/Pods-Insta-frameworks.sh\"\n";
			showEnvVarsInLog = 0;
		};
		A16A3442E179AA6E807C6316 /* [CP] Check Pods Manifest.lock */ = {
			isa = PBXShellScriptBuildPhase;
			buildActionMask = 2147483647;
			files = (
			);
			inputFileListPaths = (
			);
			inputPaths = (
				"${PODS_PODFILE_DIR_PATH}/Podfile.lock",
				"${PODS_ROOT}/Manifest.lock",
			);
			name = "[CP] Check Pods Manifest.lock";
			outputFileListPaths = (
			);
			outputPaths = (
				"$(DERIVED_FILE_DIR)/Pods-InstaTests-checkManifestLockResult.txt",
			);
			runOnlyForDeploymentPostprocessing = 0;
			shellPath = /bin/sh;
			shellScript = "diff \"${PODS_PODFILE_DIR_PATH}/Podfile.lock\" \"${PODS_ROOT}/Manifest.lock\" > /dev/null\nif [ $? != 0 ] ; then\n    # print error to STDERR\n    echo \"error: The sandbox is not in sync with the Podfile.lock. Run 'pod install' or update your CocoaPods installation.\" >&2\n    exit 1\nfi\n# This output is used by Xcode 'outputs' to avoid re-running this script phase.\necho \"SUCCESS\" > \"${SCRIPT_OUTPUT_FILE_0}\"\n";
			showEnvVarsInLog = 0;
		};
		B4273AC8054B98D0E270B692 /* [CP] Check Pods Manifest.lock */ = {
			isa = PBXShellScriptBuildPhase;
			buildActionMask = 2147483647;
			files = (
			);
			inputFileListPaths = (
			);
			inputPaths = (
				"${PODS_PODFILE_DIR_PATH}/Podfile.lock",
				"${PODS_ROOT}/Manifest.lock",
			);
			name = "[CP] Check Pods Manifest.lock";
			outputFileListPaths = (
			);
			outputPaths = (
				"$(DERIVED_FILE_DIR)/Pods-Insta-checkManifestLockResult.txt",
			);
			runOnlyForDeploymentPostprocessing = 0;
			shellPath = /bin/sh;
			shellScript = "diff \"${PODS_PODFILE_DIR_PATH}/Podfile.lock\" \"${PODS_ROOT}/Manifest.lock\" > /dev/null\nif [ $? != 0 ] ; then\n    # print error to STDERR\n    echo \"error: The sandbox is not in sync with the Podfile.lock. Run 'pod install' or update your CocoaPods installation.\" >&2\n    exit 1\nfi\n# This output is used by Xcode 'outputs' to avoid re-running this script phase.\necho \"SUCCESS\" > \"${SCRIPT_OUTPUT_FILE_0}\"\n";
			showEnvVarsInLog = 0;
		};
		B7F8E4BD2C3962E85B07BC33 /* [CP] Check Pods Manifest.lock */ = {
			isa = PBXShellScriptBuildPhase;
			buildActionMask = 2147483647;
			files = (
			);
			inputFileListPaths = (
			);
			inputPaths = (
				"${PODS_PODFILE_DIR_PATH}/Podfile.lock",
				"${PODS_ROOT}/Manifest.lock",
			);
			name = "[CP] Check Pods Manifest.lock";
			outputFileListPaths = (
			);
			outputPaths = (
				"$(DERIVED_FILE_DIR)/Pods-InstaUITests-checkManifestLockResult.txt",
			);
			runOnlyForDeploymentPostprocessing = 0;
			shellPath = /bin/sh;
			shellScript = "diff \"${PODS_PODFILE_DIR_PATH}/Podfile.lock\" \"${PODS_ROOT}/Manifest.lock\" > /dev/null\nif [ $? != 0 ] ; then\n    # print error to STDERR\n    echo \"error: The sandbox is not in sync with the Podfile.lock. Run 'pod install' or update your CocoaPods installation.\" >&2\n    exit 1\nfi\n# This output is used by Xcode 'outputs' to avoid re-running this script phase.\necho \"SUCCESS\" > \"${SCRIPT_OUTPUT_FILE_0}\"\n";
			showEnvVarsInLog = 0;
		};
/* End PBXShellScriptBuildPhase section */

/* Begin PBXSourcesBuildPhase section */
		851FC92E2331D9B6009ADC13 /* Sources */ = {
			isa = PBXSourcesBuildPhase;
			buildActionMask = 2147483647;
			files = (
				851A10282331ED7B00DB20CB /* SignUpViewController.swift in Sources */,
				851A10262331E7F200DB20CB /* SignInViewController.swift in Sources */,
				851FC9362331D9B6009ADC13 /* AppDelegate.swift in Sources */,
				851A102A2332095D00DB20CB /* HomeViewController.swift in Sources */,
				851A10302332099100DB20CB /* ActivityViewController.swift in Sources */,
				851A102C2332096A00DB20CB /* DiscoverViewController.swift in Sources */,
				851A1032233209A700DB20CB /* ProfileViewController.swift in Sources */,
				851A102E2332097F00DB20CB /* CameraViewController.swift in Sources */,
			);
			runOnlyForDeploymentPostprocessing = 0;
		};
		851FC9422331D9B8009ADC13 /* Sources */ = {
			isa = PBXSourcesBuildPhase;
			buildActionMask = 2147483647;
			files = (
				851FC94B2331D9B8009ADC13 /* InstaTests.swift in Sources */,
			);
			runOnlyForDeploymentPostprocessing = 0;
		};
		851FC94D2331D9B8009ADC13 /* Sources */ = {
			isa = PBXSourcesBuildPhase;
			buildActionMask = 2147483647;
			files = (
				851FC9562331D9B8009ADC13 /* InstaUITests.swift in Sources */,
			);
			runOnlyForDeploymentPostprocessing = 0;
		};
/* End PBXSourcesBuildPhase section */

/* Begin PBXTargetDependency section */
		851FC9482331D9B8009ADC13 /* PBXTargetDependency */ = {
			isa = PBXTargetDependency;
			target = 851FC9312331D9B6009ADC13 /* Insta */;
			targetProxy = 851FC9472331D9B8009ADC13 /* PBXContainerItemProxy */;
		};
		851FC9532331D9B8009ADC13 /* PBXTargetDependency */ = {
			isa = PBXTargetDependency;
			target = 851FC9312331D9B6009ADC13 /* Insta */;
			targetProxy = 851FC9522331D9B8009ADC13 /* PBXContainerItemProxy */;
		};
/* End PBXTargetDependency section */

/* Begin PBXVariantGroup section */
		851FC93E2331D9B8009ADC13 /* LaunchScreen.storyboard */ = {
			isa = PBXVariantGroup;
			children = (
				851FC93F2331D9B8009ADC13 /* Base */,
			);
			name = LaunchScreen.storyboard;
			sourceTree = "<group>";
		};
/* End PBXVariantGroup section */

/* Begin XCBuildConfiguration section */
		851FC9582331D9B8009ADC13 /* Debug */ = {
			isa = XCBuildConfiguration;
			buildSettings = {
				ALWAYS_SEARCH_USER_PATHS = NO;
				CLANG_ANALYZER_NONNULL = YES;
				CLANG_ANALYZER_NUMBER_OBJECT_CONVERSION = YES_AGGRESSIVE;
				CLANG_CXX_LANGUAGE_STANDARD = "gnu++14";
				CLANG_CXX_LIBRARY = "libc++";
				CLANG_ENABLE_MODULES = YES;
				CLANG_ENABLE_OBJC_ARC = YES;
				CLANG_ENABLE_OBJC_WEAK = YES;
				CLANG_WARN_BLOCK_CAPTURE_AUTORELEASING = YES;
				CLANG_WARN_BOOL_CONVERSION = YES;
				CLANG_WARN_COMMA = YES;
				CLANG_WARN_CONSTANT_CONVERSION = YES;
				CLANG_WARN_DEPRECATED_OBJC_IMPLEMENTATIONS = YES;
				CLANG_WARN_DIRECT_OBJC_ISA_USAGE = YES_ERROR;
				CLANG_WARN_DOCUMENTATION_COMMENTS = YES;
				CLANG_WARN_EMPTY_BODY = YES;
				CLANG_WARN_ENUM_CONVERSION = YES;
				CLANG_WARN_INFINITE_RECURSION = YES;
				CLANG_WARN_INT_CONVERSION = YES;
				CLANG_WARN_NON_LITERAL_NULL_CONVERSION = YES;
				CLANG_WARN_OBJC_IMPLICIT_RETAIN_SELF = YES;
				CLANG_WARN_OBJC_LITERAL_CONVERSION = YES;
				CLANG_WARN_OBJC_ROOT_CLASS = YES_ERROR;
				CLANG_WARN_RANGE_LOOP_ANALYSIS = YES;
				CLANG_WARN_STRICT_PROTOTYPES = YES;
				CLANG_WARN_SUSPICIOUS_MOVE = YES;
				CLANG_WARN_UNGUARDED_AVAILABILITY = YES_AGGRESSIVE;
				CLANG_WARN_UNREACHABLE_CODE = YES;
				CLANG_WARN__DUPLICATE_METHOD_MATCH = YES;
				CODE_SIGN_IDENTITY = "iPhone Developer";
				COPY_PHASE_STRIP = NO;
				DEBUG_INFORMATION_FORMAT = dwarf;
				ENABLE_STRICT_OBJC_MSGSEND = YES;
				ENABLE_TESTABILITY = YES;
				GCC_C_LANGUAGE_STANDARD = gnu11;
				GCC_DYNAMIC_NO_PIC = NO;
				GCC_NO_COMMON_BLOCKS = YES;
				GCC_OPTIMIZATION_LEVEL = 0;
				GCC_PREPROCESSOR_DEFINITIONS = (
					"DEBUG=1",
					"$(inherited)",
				);
				GCC_WARN_64_TO_32_BIT_CONVERSION = YES;
				GCC_WARN_ABOUT_RETURN_TYPE = YES_ERROR;
				GCC_WARN_UNDECLARED_SELECTOR = YES;
				GCC_WARN_UNINITIALIZED_AUTOS = YES_AGGRESSIVE;
				GCC_WARN_UNUSED_FUNCTION = YES;
				GCC_WARN_UNUSED_VARIABLE = YES;
				IPHONEOS_DEPLOYMENT_TARGET = 12.4;
				MTL_ENABLE_DEBUG_INFO = INCLUDE_SOURCE;
				MTL_FAST_MATH = YES;
				ONLY_ACTIVE_ARCH = YES;
				SDKROOT = iphoneos;
				SWIFT_ACTIVE_COMPILATION_CONDITIONS = DEBUG;
				SWIFT_OPTIMIZATION_LEVEL = "-Onone";
			};
			name = Debug;
		};
		851FC9592331D9B8009ADC13 /* Release */ = {
			isa = XCBuildConfiguration;
			buildSettings = {
				ALWAYS_SEARCH_USER_PATHS = NO;
				CLANG_ANALYZER_NONNULL = YES;
				CLANG_ANALYZER_NUMBER_OBJECT_CONVERSION = YES_AGGRESSIVE;
				CLANG_CXX_LANGUAGE_STANDARD = "gnu++14";
				CLANG_CXX_LIBRARY = "libc++";
				CLANG_ENABLE_MODULES = YES;
				CLANG_ENABLE_OBJC_ARC = YES;
				CLANG_ENABLE_OBJC_WEAK = YES;
				CLANG_WARN_BLOCK_CAPTURE_AUTORELEASING = YES;
				CLANG_WARN_BOOL_CONVERSION = YES;
				CLANG_WARN_COMMA = YES;
				CLANG_WARN_CONSTANT_CONVERSION = YES;
				CLANG_WARN_DEPRECATED_OBJC_IMPLEMENTATIONS = YES;
				CLANG_WARN_DIRECT_OBJC_ISA_USAGE = YES_ERROR;
				CLANG_WARN_DOCUMENTATION_COMMENTS = YES;
				CLANG_WARN_EMPTY_BODY = YES;
				CLANG_WARN_ENUM_CONVERSION = YES;
				CLANG_WARN_INFINITE_RECURSION = YES;
				CLANG_WARN_INT_CONVERSION = YES;
				CLANG_WARN_NON_LITERAL_NULL_CONVERSION = YES;
				CLANG_WARN_OBJC_IMPLICIT_RETAIN_SELF = YES;
				CLANG_WARN_OBJC_LITERAL_CONVERSION = YES;
				CLANG_WARN_OBJC_ROOT_CLASS = YES_ERROR;
				CLANG_WARN_RANGE_LOOP_ANALYSIS = YES;
				CLANG_WARN_STRICT_PROTOTYPES = YES;
				CLANG_WARN_SUSPICIOUS_MOVE = YES;
				CLANG_WARN_UNGUARDED_AVAILABILITY = YES_AGGRESSIVE;
				CLANG_WARN_UNREACHABLE_CODE = YES;
				CLANG_WARN__DUPLICATE_METHOD_MATCH = YES;
				CODE_SIGN_IDENTITY = "iPhone Developer";
				COPY_PHASE_STRIP = NO;
				DEBUG_INFORMATION_FORMAT = "dwarf-with-dsym";
				ENABLE_NS_ASSERTIONS = NO;
				ENABLE_STRICT_OBJC_MSGSEND = YES;
				GCC_C_LANGUAGE_STANDARD = gnu11;
				GCC_NO_COMMON_BLOCKS = YES;
				GCC_WARN_64_TO_32_BIT_CONVERSION = YES;
				GCC_WARN_ABOUT_RETURN_TYPE = YES_ERROR;
				GCC_WARN_UNDECLARED_SELECTOR = YES;
				GCC_WARN_UNINITIALIZED_AUTOS = YES_AGGRESSIVE;
				GCC_WARN_UNUSED_FUNCTION = YES;
				GCC_WARN_UNUSED_VARIABLE = YES;
				IPHONEOS_DEPLOYMENT_TARGET = 12.4;
				MTL_ENABLE_DEBUG_INFO = NO;
				MTL_FAST_MATH = YES;
				SDKROOT = iphoneos;
				SWIFT_COMPILATION_MODE = wholemodule;
				SWIFT_OPTIMIZATION_LEVEL = "-O";
				VALIDATE_PRODUCT = YES;
			};
			name = Release;
		};
		851FC95B2331D9B8009ADC13 /* Debug */ = {
			isa = XCBuildConfiguration;
			baseConfigurationReference = 3B3A718ECE010E38DC1D556A /* Pods-Insta.debug.xcconfig */;
			buildSettings = {
				ASSETCATALOG_COMPILER_APPICON_NAME = AppIcon;
				CODE_SIGN_STYLE = Automatic;
				DEVELOPMENT_TEAM = M42UQ7H3R2;
				INFOPLIST_FILE = Insta/Info.plist;
				LD_RUNPATH_SEARCH_PATHS = (
					"$(inherited)",
					"@executable_path/Frameworks",
				);
				PRODUCT_BUNDLE_IDENTIFIER = Ark.Insta;
				PRODUCT_NAME = "$(TARGET_NAME)";
				SWIFT_VERSION = 5.0;
				TARGETED_DEVICE_FAMILY = "1,2";
			};
			name = Debug;
		};
		851FC95C2331D9B8009ADC13 /* Release */ = {
			isa = XCBuildConfiguration;
			baseConfigurationReference = BAE5A59040942CE91C1ACCD7 /* Pods-Insta.release.xcconfig */;
			buildSettings = {
				ASSETCATALOG_COMPILER_APPICON_NAME = AppIcon;
				CODE_SIGN_STYLE = Automatic;
				DEVELOPMENT_TEAM = M42UQ7H3R2;
				INFOPLIST_FILE = Insta/Info.plist;
				LD_RUNPATH_SEARCH_PATHS = (
					"$(inherited)",
					"@executable_path/Frameworks",
				);
				PRODUCT_BUNDLE_IDENTIFIER = Ark.Insta;
				PRODUCT_NAME = "$(TARGET_NAME)";
				SWIFT_VERSION = 5.0;
				TARGETED_DEVICE_FAMILY = "1,2";
			};
			name = Release;
		};
		851FC95E2331D9B8009ADC13 /* Debug */ = {
			isa = XCBuildConfiguration;
			baseConfigurationReference = CFCCC9C392857514058B0AFD /* Pods-InstaTests.debug.xcconfig */;
			buildSettings = {
				ALWAYS_EMBED_SWIFT_STANDARD_LIBRARIES = YES;
				BUNDLE_LOADER = "$(TEST_HOST)";
				CODE_SIGN_STYLE = Automatic;
				INFOPLIST_FILE = InstaTests/Info.plist;
				LD_RUNPATH_SEARCH_PATHS = (
					"$(inherited)",
					"@executable_path/Frameworks",
					"@loader_path/Frameworks",
				);
				PRODUCT_BUNDLE_IDENTIFIER = Ark.InstaTests;
				PRODUCT_NAME = "$(TARGET_NAME)";
				SWIFT_VERSION = 5.0;
				TARGETED_DEVICE_FAMILY = "1,2";
				TEST_HOST = "$(BUILT_PRODUCTS_DIR)/Insta.app/Insta";
			};
			name = Debug;
		};
		851FC95F2331D9B8009ADC13 /* Release */ = {
			isa = XCBuildConfiguration;
			baseConfigurationReference = 83F51C0B7153B43C473CDBB9 /* Pods-InstaTests.release.xcconfig */;
			buildSettings = {
				ALWAYS_EMBED_SWIFT_STANDARD_LIBRARIES = YES;
				BUNDLE_LOADER = "$(TEST_HOST)";
				CODE_SIGN_STYLE = Automatic;
				INFOPLIST_FILE = InstaTests/Info.plist;
				LD_RUNPATH_SEARCH_PATHS = (
					"$(inherited)",
					"@executable_path/Frameworks",
					"@loader_path/Frameworks",
				);
				PRODUCT_BUNDLE_IDENTIFIER = Ark.InstaTests;
				PRODUCT_NAME = "$(TARGET_NAME)";
				SWIFT_VERSION = 5.0;
				TARGETED_DEVICE_FAMILY = "1,2";
				TEST_HOST = "$(BUILT_PRODUCTS_DIR)/Insta.app/Insta";
			};
			name = Release;
		};
		851FC9612331D9B8009ADC13 /* Debug */ = {
			isa = XCBuildConfiguration;
			baseConfigurationReference = D7B4181E4DB00326CB72CE8B /* Pods-InstaUITests.debug.xcconfig */;
			buildSettings = {
				ALWAYS_EMBED_SWIFT_STANDARD_LIBRARIES = YES;
				CODE_SIGN_STYLE = Automatic;
				INFOPLIST_FILE = InstaUITests/Info.plist;
				LD_RUNPATH_SEARCH_PATHS = (
					"$(inherited)",
					"@executable_path/Frameworks",
					"@loader_path/Frameworks",
				);
				PRODUCT_BUNDLE_IDENTIFIER = Ark.InstaUITests;
				PRODUCT_NAME = "$(TARGET_NAME)";
				SWIFT_VERSION = 5.0;
				TARGETED_DEVICE_FAMILY = "1,2";
				TEST_TARGET_NAME = Insta;
			};
			name = Debug;
		};
		851FC9622331D9B8009ADC13 /* Release */ = {
			isa = XCBuildConfiguration;
			baseConfigurationReference = 4758CF279ECEB52A927A3D4D /* Pods-InstaUITests.release.xcconfig */;
			buildSettings = {
				ALWAYS_EMBED_SWIFT_STANDARD_LIBRARIES = YES;
				CODE_SIGN_STYLE = Automatic;
				INFOPLIST_FILE = InstaUITests/Info.plist;
				LD_RUNPATH_SEARCH_PATHS = (
					"$(inherited)",
					"@executable_path/Frameworks",
					"@loader_path/Frameworks",
				);
				PRODUCT_BUNDLE_IDENTIFIER = Ark.InstaUITests;
				PRODUCT_NAME = "$(TARGET_NAME)";
				SWIFT_VERSION = 5.0;
				TARGETED_DEVICE_FAMILY = "1,2";
				TEST_TARGET_NAME = Insta;
			};
			name = Release;
		};
/* End XCBuildConfiguration section */

/* Begin XCConfigurationList section */
		851FC92D2331D9B6009ADC13 /* Build configuration list for PBXProject "Insta" */ = {
			isa = XCConfigurationList;
			buildConfigurations = (
				851FC9582331D9B8009ADC13 /* Debug */,
				851FC9592331D9B8009ADC13 /* Release */,
			);
			defaultConfigurationIsVisible = 0;
			defaultConfigurationName = Release;
		};
		851FC95A2331D9B8009ADC13 /* Build configuration list for PBXNativeTarget "Insta" */ = {
			isa = XCConfigurationList;
			buildConfigurations = (
				851FC95B2331D9B8009ADC13 /* Debug */,
				851FC95C2331D9B8009ADC13 /* Release */,
			);
			defaultConfigurationIsVisible = 0;
			defaultConfigurationName = Release;
		};
		851FC95D2331D9B8009ADC13 /* Build configuration list for PBXNativeTarget "InstaTests" */ = {
			isa = XCConfigurationList;
			buildConfigurations = (
				851FC95E2331D9B8009ADC13 /* Debug */,
				851FC95F2331D9B8009ADC13 /* Release */,
			);
			defaultConfigurationIsVisible = 0;
			defaultConfigurationName = Release;
		};
		851FC9602331D9B8009ADC13 /* Build configuration list for PBXNativeTarget "InstaUITests" */ = {
			isa = XCConfigurationList;
			buildConfigurations = (
				851FC9612331D9B8009ADC13 /* Debug */,
				851FC9622331D9B8009ADC13 /* Release */,
			);
			defaultConfigurationIsVisible = 0;
			defaultConfigurationName = Release;
		};
/* End XCConfigurationList section */
	};
	rootObject = 851FC92A2331D9B6009ADC13 /* Project object */;
}
